
Microsoft Visual Studio Solution File, Format Version 12.00
# Visual Studio Version 17
VisualStudioVersion = 17.13.35825.156 d17.13
MinimumVisualStudioVersion = 10.0.40219.1
Project("{FAE04EC0-301F-11D3-BF4B-00C04F79EFBC}") = "Practice9", "Practice9.csproj", "{F4CF26A7-9619-44AB-91B9-63E5F899F373}"
EndProject
Project("{FAE04EC0-301F-11D3-BF4B-00C04F79EFBC}") = "Variant4Tests", "..\Variant4Tests\Variant4Tests.csproj", "{74EFE673-DAD8-4215-A1E9-67E45D17F354}"
EndProject
Global
	GlobalSection(SolutionConfigurationPlatforms) = preSolution
		Debug|Any CPU = Debug|Any CPU
		Release|Any CPU = Release|Any CPU
	EndGlobalSection
	GlobalSection(ProjectConfigurationPlatforms) = postSolution
		{F4CF26A7-9619-44AB-91B9-63E5F899F373}.Debug|Any CPU.ActiveCfg = Debug|Any CPU
		{F4CF26A7-9619-44AB-91B9-63E5F899F373}.Debug|Any CPU.Build.0 = Debug|Any CPU
		{F4CF26A7-9619-44AB-91B9-63E5F899F373}.Release|Any CPU.ActiveCfg = Release|Any CPU
		{F4CF26A7-9619-44AB-91B9-63E5F899F373}.Release|Any CPU.Build.0 = Release|Any CPU
		{74EFE673-DAD8-4215-A1E9-67E45D17F354}.Debug|Any CPU.ActiveCfg = Debug|Any CPU
		{74EFE673-DAD8-4215-A1E9-67E45D17F354}.Debug|Any CPU.Build.0 = Debug|Any CPU
		{74EFE673-DAD8-4215-A1E9-67E45D17F354}.Release|Any CPU.ActiveCfg = Release|Any CPU
		{74EFE673-DAD8-4215-A1E9-67E45D17F354}.Release|Any CPU.Build.0 = Release|Any CPU
	EndGlobalSection
	GlobalSection(SolutionProperties) = preSolution
		HideSolutionNode = FALSE
	EndGlobalSection
	GlobalSection(ExtensibilityGlobals) = postSolution
		SolutionGuid = {DED91B77-76C3-48CF-B270-4325736EBB73}
	EndGlobalSection
EndGlobal
